
Microsoft Visual Studio Solution File, Format Version 12.00
# Visual Studio Version 17
VisualStudioVersion = 17.4.33213.308
MinimumVisualStudioVersion = 10.0.40219.1
Project("{9A19103F-16F7-4668-BE54-9A1E7A4F7556}") = "Westwind.WebView", "Westwind.WebView\Westwind.WebView.csproj", "{93CF86E2-D19B-442E-9117-B87376C55F80}"
EndProject
Project("{9A19103F-16F7-4668-BE54-9A1E7A4F7556}") = "WpfSample", "WpfSample\WpfSample.csproj", "{191B469B-8FC8-4029-AB49-ACF0B348B2DB}"
EndProject
Project("{2150E333-8FDC-42A3-9474-1A3956D46DE8}") = "Solution Files", "Solution Files", "{2632BA6B-BDBC-4573-8E54-A424FF12E4E3}"
	ProjectSection(SolutionItems) = preProject
		HtmlToPdf.md = HtmlToPdf.md
		README.md = README.md
	EndProjectSection
EndProject
Project("{9A19103F-16F7-4668-BE54-9A1E7A4F7556}") = "Westwind.WebView.Test", "Westwind.WebView.Test\Westwind.WebView.Test.csproj", "{868E3D99-0F22-4149-87E0-1857F4414772}"
EndProject
Global
	GlobalSection(SolutionConfigurationPlatforms) = preSolution
		Debug|Any CPU = Debug|Any CPU
		Release|Any CPU = Release|Any CPU
	EndGlobalSection
	GlobalSection(ProjectConfigurationPlatforms) = postSolution
		{93CF86E2-D19B-442E-9117-B87376C55F80}.Debug|Any CPU.ActiveCfg = Debug|Any CPU
		{93CF86E2-D19B-442E-9117-B87376C55F80}.Debug|Any CPU.Build.0 = Debug|Any CPU
		{93CF86E2-D19B-442E-9117-B87376C55F80}.Release|Any CPU.ActiveCfg = Release|Any CPU
		{93CF86E2-D19B-442E-9117-B87376C55F80}.Release|Any CPU.Build.0 = Release|Any CPU
		{191B469B-8FC8-4029-AB49-ACF0B348B2DB}.Debug|Any CPU.ActiveCfg = Debug|Any CPU
		{191B469B-8FC8-4029-AB49-ACF0B348B2DB}.Debug|Any CPU.Build.0 = Debug|Any CPU
		{191B469B-8FC8-4029-AB49-ACF0B348B2DB}.Release|Any CPU.ActiveCfg = Release|Any CPU
		{191B469B-8FC8-4029-AB49-ACF0B348B2DB}.Release|Any CPU.Build.0 = Release|Any CPU
		{868E3D99-0F22-4149-87E0-1857F4414772}.Debug|Any CPU.ActiveCfg = Debug|Any CPU
		{868E3D99-0F22-4149-87E0-1857F4414772}.Debug|Any CPU.Build.0 = Debug|Any CPU
		{868E3D99-0F22-4149-87E0-1857F4414772}.Release|Any CPU.ActiveCfg = Release|Any CPU
		{868E3D99-0F22-4149-87E0-1857F4414772}.Release|Any CPU.Build.0 = Release|Any CPU
	EndGlobalSection
	GlobalSection(SolutionProperties) = preSolution
		HideSolutionNode = FALSE
	EndGlobalSection
	GlobalSection(ExtensibilityGlobals) = postSolution
		SolutionGuid = {82453F51-120C-41DF-A555-5BA9374AE82F}
	EndGlobalSection
EndGlobal
